
Microsoft Visual Studio Solution File, Format Version 12.00
# Visual Studio 15
VisualStudioVersion = 15.0.26730.12
MinimumVisualStudioVersion = 10.0.40219.1
Project("{FAE04EC0-301F-11D3-BF4B-00C04F79EFBC}") = "TicTacToe", "Ex05.TicTacToe\TicTacToe.csproj", "{F6C4DAD9-CE8E-4DD1-8ADD-EF0508F0BA83}"
EndProject
Project("{2150E333-8FDC-42A3-9474-1A3956D46DE8}") = "Solution Items", "Solution Items", "{FBDA292B-EFC8-4EAC-BFBE-85374D9C0A7A}"
	ProjectSection(SolutionItems) = preProject
		Checking Report.txt = Checking Report.txt
	EndProjectSection
EndProject
Global
	GlobalSection(SolutionConfigurationPlatforms) = preSolution
		Debug|Any CPU = Debug|Any CPU
		Release|Any CPU = Release|Any CPU
	EndGlobalSection
	GlobalSection(ProjectConfigurationPlatforms) = postSolution
		{F6C4DAD9-CE8E-4DD1-8ADD-EF0508F0BA83}.Debug|Any CPU.ActiveCfg = Debug|Any CPU
		{F6C4DAD9-CE8E-4DD1-8ADD-EF0508F0BA83}.Debug|Any CPU.Build.0 = Debug|Any CPU
		{F6C4DAD9-CE8E-4DD1-8ADD-EF0508F0BA83}.Release|Any CPU.ActiveCfg = Release|Any CPU
		{F6C4DAD9-CE8E-4DD1-8ADD-EF0508F0BA83}.Release|Any CPU.Build.0 = Release|Any CPU
	EndGlobalSection
	GlobalSection(SolutionProperties) = preSolution
		HideSolutionNode = FALSE
	EndGlobalSection
	GlobalSection(ExtensibilityGlobals) = postSolution
		SolutionGuid = {73CD9DE2-4E2E-4940-B1CA-DDC6A575F92F}
	EndGlobalSection
EndGlobal
